
Microsoft Visual Studio Solution File, Format Version 12.00
# Visual Studio Version 16
VisualStudioVersion = 16.0.31129.286
MinimumVisualStudioVersion = 10.0.40219.1
Project("{FAE04EC0-301F-11D3-BF4B-00C04F79EFBC}") = "Wildfire", "Wildfire\Wildfire.csproj", "{657E8E93-8033-404E-8B49-1A8CA3FDAB0D}"
EndProject
Global
	GlobalSection(SolutionConfigurationPlatforms) = preSolution
		Debug|Any CPU = Debug|Any CPU
		Release|Any CPU = Release|Any CPU
	EndGlobalSection
	GlobalSection(ProjectConfigurationPlatforms) = postSolution
		{657E8E93-8033-404E-8B49-1A8CA3FDAB0D}.Debug|Any CPU.ActiveCfg = Debug|Any CPU
		{657E8E93-8033-404E-8B49-1A8CA3FDAB0D}.Debug|Any CPU.Build.0 = Debug|Any CPU
		{657E8E93-8033-404E-8B49-1A8CA3FDAB0D}.Release|Any CPU.ActiveCfg = Release|Any CPU
		{657E8E93-8033-404E-8B49-1A8CA3FDAB0D}.Release|Any CPU.Build.0 = Release|Any CPU
	EndGlobalSection
	GlobalSection(SolutionProperties) = preSolution
		HideSolutionNode = FALSE
	EndGlobalSection
	GlobalSection(ExtensibilityGlobals) = postSolution
		SolutionGuid = {C1E7E4ED-7C72-4B96-8B88-B9036BF73916}
	EndGlobalSection
EndGlobal
